
Microsoft Visual Studio Solution File, Format Version 12.00
# Visual Studio 15
VisualStudioVersion = 15.0.28307.168
MinimumVisualStudioVersion = 10.0.40219.1
Project("{9A19103F-16F7-4668-BE54-9A1E7A4F7556}") = "MediaFunctionLib", "MediaFunctionLib\MediaFunctionLib.csproj", "{63627068-3D23-4AAD-A840-EA3D2E876D22}"
EndProject
Project("{9A19103F-16F7-4668-BE54-9A1E7A4F7556}") = "MediaFunctionMedia", "MediaFunctionMedia\MediaFunctionMedia.csproj", "{A127EF30-3EF4-40C6-8CAC-7B3F5189B4FA}"
EndProject
Project("{9A19103F-16F7-4668-BE54-9A1E7A4F7556}") = "MediaFunction.Test", "MediaFunction.Test\MediaFunction.Test.csproj", "{55061AAD-B4BB-48F8-9B3F-3473EF0F8398}"
EndProject
Global
	GlobalSection(SolutionConfigurationPlatforms) = preSolution
		Debug|Any CPU = Debug|Any CPU
		Release|Any CPU = Release|Any CPU
	EndGlobalSection
	GlobalSection(ProjectConfigurationPlatforms) = postSolution
		{63627068-3D23-4AAD-A840-EA3D2E876D22}.Debug|Any CPU.ActiveCfg = Debug|Any CPU
		{63627068-3D23-4AAD-A840-EA3D2E876D22}.Debug|Any CPU.Build.0 = Debug|Any CPU
		{63627068-3D23-4AAD-A840-EA3D2E876D22}.Release|Any CPU.ActiveCfg = Release|Any CPU
		{63627068-3D23-4AAD-A840-EA3D2E876D22}.Release|Any CPU.Build.0 = Release|Any CPU
		{A127EF30-3EF4-40C6-8CAC-7B3F5189B4FA}.Debug|Any CPU.ActiveCfg = Debug|Any CPU
		{A127EF30-3EF4-40C6-8CAC-7B3F5189B4FA}.Debug|Any CPU.Build.0 = Debug|Any CPU
		{A127EF30-3EF4-40C6-8CAC-7B3F5189B4FA}.Release|Any CPU.ActiveCfg = Release|Any CPU
		{A127EF30-3EF4-40C6-8CAC-7B3F5189B4FA}.Release|Any CPU.Build.0 = Release|Any CPU
		{55061AAD-B4BB-48F8-9B3F-3473EF0F8398}.Debug|Any CPU.ActiveCfg = Debug|Any CPU
		{55061AAD-B4BB-48F8-9B3F-3473EF0F8398}.Debug|Any CPU.Build.0 = Debug|Any CPU
		{55061AAD-B4BB-48F8-9B3F-3473EF0F8398}.Release|Any CPU.ActiveCfg = Release|Any CPU
		{55061AAD-B4BB-48F8-9B3F-3473EF0F8398}.Release|Any CPU.Build.0 = Release|Any CPU
	EndGlobalSection
	GlobalSection(SolutionProperties) = preSolution
		HideSolutionNode = FALSE
	EndGlobalSection
	GlobalSection(ExtensibilityGlobals) = postSolution
		SolutionGuid = {9FEBCD0B-BA7C-45F9-B048-DB7DF9063197}
	EndGlobalSection
EndGlobal
